
Microsoft Visual Studio Solution File, Format Version 12.00
# Visual Studio 15
VisualStudioVersion = 15.0.26730.12
MinimumVisualStudioVersion = 10.0.40219.1
Project("{FAE04EC0-301F-11D3-BF4B-00C04F79EFBC}") = "MVCmusicstore", "MVCmusicstore\MVCmusicstore.csproj", "{61B97DAD-EC19-41A0-B97B-C33CFB634937}"
EndProject
Project("{FAE04EC0-301F-11D3-BF4B-00C04F79EFBC}") = "MVCmusicstore.Tests", "MVCmusicstore.Tests\MVCmusicstore.Tests.csproj", "{4A816D51-2855-4E67-9691-D93825E532E6}"
EndProject
Global
	GlobalSection(SolutionConfigurationPlatforms) = preSolution
		Debug|Any CPU = Debug|Any CPU
		Release|Any CPU = Release|Any CPU
	EndGlobalSection
	GlobalSection(ProjectConfigurationPlatforms) = postSolution
		{61B97DAD-EC19-41A0-B97B-C33CFB634937}.Debug|Any CPU.ActiveCfg = Debug|Any CPU
		{61B97DAD-EC19-41A0-B97B-C33CFB634937}.Debug|Any CPU.Build.0 = Debug|Any CPU
		{61B97DAD-EC19-41A0-B97B-C33CFB634937}.Release|Any CPU.ActiveCfg = Release|Any CPU
		{61B97DAD-EC19-41A0-B97B-C33CFB634937}.Release|Any CPU.Build.0 = Release|Any CPU
		{4A816D51-2855-4E67-9691-D93825E532E6}.Debug|Any CPU.ActiveCfg = Debug|Any CPU
		{4A816D51-2855-4E67-9691-D93825E532E6}.Debug|Any CPU.Build.0 = Debug|Any CPU
		{4A816D51-2855-4E67-9691-D93825E532E6}.Release|Any CPU.ActiveCfg = Release|Any CPU
		{4A816D51-2855-4E67-9691-D93825E532E6}.Release|Any CPU.Build.0 = Release|Any CPU
	EndGlobalSection
	GlobalSection(SolutionProperties) = preSolution
		HideSolutionNode = FALSE
	EndGlobalSection
	GlobalSection(ExtensibilityGlobals) = postSolution
		SolutionGuid = {277A5DB7-C5FD-45EA-BD61-0D969D0A60BC}
	EndGlobalSection
EndGlobal
